// !$*UTF8*$!
{
	archiveVersion = 1;
	classes = {
	};
	objectVersion = 50;
	objects = {

/* Begin PBXBuildFile section */
		086D5CD722A9D8E600443128 /* AppDelegate.swift in Sources */ = {isa = PBXBuildFile; fileRef = 086D5CD622A9D8E600443128 /* AppDelegate.swift */; };
		086D5CD922A9D8E600443128 /* ViewController.swift in Sources */ = {isa = PBXBuildFile; fileRef = 086D5CD822A9D8E600443128 /* ViewController.swift */; };
		086D5CDC22A9D8E600443128 /* Main.storyboard in Resources */ = {isa = PBXBuildFile; fileRef = 086D5CDA22A9D8E600443128 /* Main.storyboard */; };
		086D5CDE22A9D8E800443128 /* Assets.xcassets in Resources */ = {isa = PBXBuildFile; fileRef = 086D5CDD22A9D8E800443128 /* Assets.xcassets */; };
		086D5CE122A9D8E800443128 /* LaunchScreen.storyboard in Resources */ = {isa = PBXBuildFile; fileRef = 086D5CDF22A9D8E800443128 /* LaunchScreen.storyboard */; };
		086D5CEC22A9D8E800443128 /* NewsAppTests.swift in Sources */ = {isa = PBXBuildFile; fileRef = 086D5CEB22A9D8E800443128 /* NewsAppTests.swift */; };
		086D5CF722A9D8E800443128 /* NewsAppUITests.swift in Sources */ = {isa = PBXBuildFile; fileRef = 086D5CF622A9D8E800443128 /* NewsAppUITests.swift */; };
/* End PBXBuildFile section */

/* Begin PBXContainerItemProxy section */
		086D5CE822A9D8E800443128 /* PBXContainerItemProxy */ = {
			isa = PBXContainerItemProxy;
			containerPortal = 086D5CCB22A9D8E500443128 /* Project object */;
			proxyType = 1;
			remoteGlobalIDString = 086D5CD222A9D8E600443128;
			remoteInfo = NewsApp;
		};
		086D5CF322A9D8E800443128 /* PBXContainerItemProxy */ = {
			isa = PBXContainerItemProxy;
			containerPortal = 086D5CCB22A9D8E500443128 /* Project object */;
			proxyType = 1;
			remoteGlobalIDString = 086D5CD222A9D8E600443128;
			remoteInfo = NewsApp;
		};
/* End PBXContainerItemProxy section */

/* Begin PBXFileReference section */
		086D5CD322A9D8E600443128 /* NewsApp.app */ = {isa = PBXFileReference; explicitFileType = wrapper.application; includeInIndex = 0; path = NewsApp.app; sourceTree = BUILT_PRODUCTS_DIR; };
		086D5CD622A9D8E600443128 /* AppDelegate.swift */ = {isa = PBXFileReference; lastKnownFileType = sourcecode.swift; path = AppDelegate.swift; sourceTree = "<group>"; };
		086D5CD822A9D8E600443128 /* ViewController.swift */ = {isa = PBXFileReference; lastKnownFileType = sourcecode.swift; path = ViewController.swift; sourceTree = "<group>"; };
		086D5CDB22A9D8E600443128 /* Base */ = {isa = PBXFileReference; lastKnownFileType = file.storyboard; name = Base; path = Base.lproj/Main.storyboard; sourceTree = "<group>"; };
		086D5CDD22A9D8E800443128 /* Assets.xcassets */ = {isa = PBXFileReference; lastKnownFileType = folder.assetcatalog; path = Assets.xcassets; sourceTree = "<group>"; };
		086D5CE022A9D8E800443128 /* Base */ = {isa = PBXFileReference; lastKnownFileType = file.storyboard; name = Base; path = Base.lproj/LaunchScreen.storyboard; sourceTree = "<group>"; };
		086D5CE222A9D8E800443128 /* Info.plist */ = {isa = PBXFileReference; lastKnownFileType = text.plist.xml; path = Info.plist; sourceTree = "<group>"; };
		086D5CE722A9D8E800443128 /* NewsAppTests.xctest */ = {isa = PBXFileReference; explicitFileType = wrapper.cfbundle; includeInIndex = 0; path = NewsAppTests.xctest; sourceTree = BUILT_PRODUCTS_DIR; };
		086D5CEB22A9D8E800443128 /* NewsAppTests.swift */ = {isa = PBXFileReference; lastKnownFileType = sourcecode.swift; path = NewsAppTests.swift; sourceTree = "<group>"; };
		086D5CED22A9D8E800443128 /* Info.plist */ = {isa = PBXFileReference; lastKnownFileType = text.plist.xml; path = Info.plist; sourceTree = "<group>"; };
		086D5CF222A9D8E800443128 /* NewsAppUITests.xctest */ = {isa = PBXFileReference; explicitFileType = wrapper.cfbundle; includeInIndex = 0; path = NewsAppUITests.xctest; sourceTree = BUILT_PRODUCTS_DIR; };
		086D5CF622A9D8E800443128 /* NewsAppUITests.swift */ = {isa = PBXFileReference; lastKnownFileType = sourcecode.swift; path = NewsAppUITests.swift; sourceTree = "<group>"; };
		086D5CF822A9D8E800443128 /* Info.plist */ = {isa = PBXFileReference; lastKnownFileType = text.plist.xml; path = Info.plist; sourceTree = "<group>"; };
/* End PBXFileReference section */

/* Begin PBXFrameworksBuildPhase section */
		086D5CD022A9D8E600443128 /* Frameworks */ = {
			isa = PBXFrameworksBuildPhase;
			buildActionMask = 2147483647;
			files = (
			);
			runOnlyForDeploymentPostprocessing = 0;
		};
		086D5CE422A9D8E800443128 /* Frameworks */ = {
			isa = PBXFrameworksBuildPhase;
			buildActionMask = 2147483647;
			files = (
			);
			runOnlyForDeploymentPostprocessing = 0;
		};
		086D5CEF22A9D8E800443128 /* Frameworks */ = {
			isa = PBXFrameworksBuildPhase;
			buildActionMask = 2147483647;
			files = (
			);
			runOnlyForDeploymentPostprocessing = 0;
		};
/* End PBXFrameworksBuildPhase section */

/* Begin PBXGroup section */
		086D5CCA22A9D8E500443128 = {
			isa = PBXGroup;
			children = (
				086D5CD522A9D8E600443128 /* NewsApp */,
				086D5CEA22A9D8E800443128 /* NewsAppTests */,
				086D5CF522A9D8E800443128 /* NewsAppUITests */,
				086D5CD422A9D8E600443128 /* Products */,
			);
			sourceTree = "<group>";
		};
		086D5CD422A9D8E600443128 /* Products */ = {
			isa = PBXGroup;
			children = (
				086D5CD322A9D8E600443128 /* NewsApp.app */,
				086D5CE722A9D8E800443128 /* NewsAppTests.xctest */,
				086D5CF222A9D8E800443128 /* NewsAppUITests.xctest */,
			);
			name = Products;
			sourceTree = "<group>";
		};
		086D5CD522A9D8E600443128 /* NewsApp */ = {
			isa = PBXGroup;
			children = (
				086D5CD622A9D8E600443128 /* AppDelegate.swift */,
				086D5CD822A9D8E600443128 /* ViewController.swift */,
				086D5CDA22A9D8E600443128 /* Main.storyboard */,
				086D5CDD22A9D8E800443128 /* Assets.xcassets */,
				086D5CDF22A9D8E800443128 /* LaunchScreen.storyboard */,
				086D5CE222A9D8E800443128 /* Info.plist */,
			);
			path = NewsApp;
			sourceTree = "<group>";
		};
		086D5CEA22A9D8E800443128 /* NewsAppTests */ = {
			isa = PBXGroup;
			children = (
				086D5CEB22A9D8E800443128 /* NewsAppTests.swift */,
				086D5CED22A9D8E800443128 /* Info.plist */,
			);
			path = NewsAppTests;
			sourceTree = "<group>";
		};
		086D5CF522A9D8E800443128 /* NewsAppUITests */ = {
			isa = PBXGroup;
			children = (
				086D5CF622A9D8E800443128 /* NewsAppUITests.swift */,
				086D5CF822A9D8E800443128 /* Info.plist */,
			);
			path = NewsAppUITests;
			sourceTree = "<group>";
		};
/* End PBXGroup section */

/* Begin PBXNativeTarget section */
		086D5CD222A9D8E600443128 /* NewsApp */ = {
			isa = PBXNativeTarget;
			buildConfigurationList = 086D5CFB22A9D8E800443128 /* Build configuration list for PBXNativeTarget "NewsApp" */;
			buildPhases = (
				086D5CCF22A9D8E600443128 /* Sources */,
				086D5CD022A9D8E600443128 /* Frameworks */,
				086D5CD122A9D8E600443128 /* Resources */,
			);
			buildRules = (
			);
			dependencies = (
			);
			name = NewsApp;
			productName = NewsApp;
			productReference = 086D5CD322A9D8E600443128 /* NewsApp.app */;
			productType = "com.apple.product-type.application";
		};
		086D5CE622A9D8E800443128 /* NewsAppTests */ = {
			isa = PBXNativeTarget;
			buildConfigurationList = 086D5CFE22A9D8E800443128 /* Build configuration list for PBXNativeTarget "NewsAppTests" */;
			buildPhases = (
				086D5CE322A9D8E800443128 /* Sources */,
				086D5CE422A9D8E800443128 /* Frameworks */,
				086D5CE522A9D8E800443128 /* Resources */,
			);
			buildRules = (
			);
			dependencies = (
				086D5CE922A9D8E800443128 /* PBXTargetDependency */,
			);
			name = NewsAppTests;
			productName = NewsAppTests;
			productReference = 086D5CE722A9D8E800443128 /* NewsAppTests.xctest */;
			productType = "com.apple.product-type.bundle.unit-test";
		};
		086D5CF122A9D8E800443128 /* NewsAppUITests */ = {
			isa = PBXNativeTarget;
			buildConfigurationList = 086D5D0122A9D8E800443128 /* Build configuration list for PBXNativeTarget "NewsAppUITests" */;
			buildPhases = (
				086D5CEE22A9D8E800443128 /* Sources */,
				086D5CEF22A9D8E800443128 /* Frameworks */,
				086D5CF022A9D8E800443128 /* Resources */,
			);
			buildRules = (
			);
			dependencies = (
				086D5CF422A9D8E800443128 /* PBXTargetDependency */,
			);
			name = NewsAppUITests;
			productName = NewsAppUITests;
			productReference = 086D5CF222A9D8E800443128 /* NewsAppUITests.xctest */;
			productType = "com.apple.product-type.bundle.ui-testing";
		};
/* End PBXNativeTarget section */

/* Begin PBXProject section */
		086D5CCB22A9D8E500443128 /* Project object */ = {
			isa = PBXProject;
			attributes = {
				LastSwiftUpdateCheck = 1020;
				LastUpgradeCheck = 1020;
				ORGANIZATIONNAME = "Susan Zheng";
				TargetAttributes = {
					086D5CD222A9D8E600443128 = {
						CreatedOnToolsVersion = 10.2.1;
					};
					086D5CE622A9D8E800443128 = {
						CreatedOnToolsVersion = 10.2.1;
						TestTargetID = 086D5CD222A9D8E600443128;
					};
					086D5CF122A9D8E800443128 = {
						CreatedOnToolsVersion = 10.2.1;
						TestTargetID = 086D5CD222A9D8E600443128;
					};
				};
			};
			buildConfigurationList = 086D5CCE22A9D8E500443128 /* Build configuration list for PBXProject "NewsApp" */;
			compatibilityVersion = "Xcode 9.3";
			developmentRegion = en;
			hasScannedForEncodings = 0;
			knownRegions = (
				en,
				Base,
			);
			mainGroup = 086D5CCA22A9D8E500443128;
			productRefGroup = 086D5CD422A9D8E600443128 /* Products */;
			projectDirPath = "";
			projectRoot = "";
			targets = (
				086D5CD222A9D8E600443128 /* NewsApp */,
				086D5CE622A9D8E800443128 /* NewsAppTests */,
				086D5CF122A9D8E800443128 /* NewsAppUITests */,
			);
		};
/* End PBXProject section */

/* Begin PBXResourcesBuildPhase section */
		086D5CD122A9D8E600443128 /* Resources */ = {
			isa = PBXResourcesBuildPhase;
			buildActionMask = 2147483647;
			files = (
				086D5CE122A9D8E800443128 /* LaunchScreen.storyboard in Resources */,
				086D5CDE22A9D8E800443128 /* Assets.xcassets in Resources */,
				086D5CDC22A9D8E600443128 /* Main.storyboard in Resources */,
			);
			runOnlyForDeploymentPostprocessing = 0;
		};
		086D5CE522A9D8E800443128 /* Resources */ = {
			isa = PBXResourcesBuildPhase;
			buildActionMask = 2147483647;
			files = (
			);
			runOnlyForDeploymentPostprocessing = 0;
		};
		086D5CF022A9D8E800443128 /* Resources */ = {
			isa = PBXResourcesBuildPhase;
			buildActionMask = 2147483647;
			files = (
			);
			runOnlyForDeploymentPostprocessing = 0;
		};
/* End PBXResourcesBuildPhase section */

/* Begin PBXSourcesBuildPhase section */
		086D5CCF22A9D8E600443128 /* Sources */ = {
			isa = PBXSourcesBuildPhase;
			buildActionMask = 2147483647;
			files = (
				086D5CD922A9D8E600443128 /* ViewController.swift in Sources */,
				086D5CD722A9D8E600443128 /* AppDelegate.swift in Sources */,
			);
			runOnlyForDeploymentPostprocessing = 0;
		};
		086D5CE322A9D8E800443128 /* Sources */ = {
			isa = PBXSourcesBuildPhase;
			buildActionMask = 2147483647;
			files = (
				086D5CEC22A9D8E800443128 /* NewsAppTests.swift in Sources */,
			);
			runOnlyForDeploymentPostprocessing = 0;
		};
		086D5CEE22A9D8E800443128 /* Sources */ = {
			isa = PBXSourcesBuildPhase;
			buildActionMask = 2147483647;
			files = (
				086D5CF722A9D8E800443128 /* NewsAppUITests.swift in Sources */,
			);
			runOnlyForDeploymentPostprocessing = 0;
		};
/* End PBXSourcesBuildPhase section */

/* Begin PBXTargetDependency section */
		086D5CE922A9D8E800443128 /* PBXTargetDependency */ = {
			isa = PBXTargetDependency;
			target = 086D5CD222A9D8E600443128 /* NewsApp */;
			targetProxy = 086D5CE822A9D8E800443128 /* PBXContainerItemProxy */;
		};
		086D5CF422A9D8E800443128 /* PBXTargetDependency */ = {
			isa = PBXTargetDependency;
			target = 086D5CD222A9D8E600443128 /* NewsApp */;
			targetProxy = 086D5CF322A9D8E800443128 /* PBXContainerItemProxy */;
		};
/* End PBXTargetDependency section */

/* Begin PBXVariantGroup section */
		086D5CDA22A9D8E600443128 /* Main.storyboard */ = {
			isa = PBXVariantGroup;
			children = (
				086D5CDB22A9D8E600443128 /* Base */,
			);
			name = Main.storyboard;
			sourceTree = "<group>";
		};
		086D5CDF22A9D8E800443128 /* LaunchScreen.storyboard */ = {
			isa = PBXVariantGroup;
			children = (
				086D5CE022A9D8E800443128 /* Base */,
			);
			name = LaunchScreen.storyboard;
			sourceTree = "<group>";
		};
/* End PBXVariantGroup section */

/* Begin XCBuildConfiguration section */
		086D5CF922A9D8E800443128 /* Debug */ = {
			isa = XCBuildConfiguration;
			buildSettings = {
				ALWAYS_SEARCH_USER_PATHS = NO;
				CLANG_ANALYZER_NONNULL = YES;
				CLANG_ANALYZER_NUMBER_OBJECT_CONVERSION = YES_AGGRESSIVE;
				CLANG_CXX_LANGUAGE_STANDARD = "gnu++14";
				CLANG_CXX_LIBRARY = "libc++";
				CLANG_ENABLE_MODULES = YES;
				CLANG_ENABLE_OBJC_ARC = YES;
				CLANG_ENABLE_OBJC_WEAK = YES;
				CLANG_WARN_BLOCK_CAPTURE_AUTORELEASING = YES;
				CLANG_WARN_BOOL_CONVERSION = YES;
				CLANG_WARN_COMMA = YES;
				CLANG_WARN_CONSTANT_CONVERSION = YES;
				CLANG_WARN_DEPRECATED_OBJC_IMPLEMENTATIONS = YES;
				CLANG_WARN_DIRECT_OBJC_ISA_USAGE = YES_ERROR;
				CLANG_WARN_DOCUMENTATION_COMMENTS = YES;
				CLANG_WARN_EMPTY_BODY = YES;
				CLANG_WARN_ENUM_CONVERSION = YES;
				CLANG_WARN_INFINITE_RECURSION = YES;
				CLANG_WARN_INT_CONVERSION = YES;
				CLANG_WARN_NON_LITERAL_NULL_CONVERSION = YES;
				CLANG_WARN_OBJC_IMPLICIT_RETAIN_SELF = YES;
				CLANG_WARN_OBJC_LITERAL_CONVERSION = YES;
				CLANG_WARN_OBJC_ROOT_CLASS = YES_ERROR;
				CLANG_WARN_RANGE_LOOP_ANALYSIS = YES;
				CLANG_WARN_STRICT_PROTOTYPES = YES;
				CLANG_WARN_SUSPICIOUS_MOVE = YES;
				CLANG_WARN_UNGUARDED_AVAILABILITY = YES_AGGRESSIVE;
				CLANG_WARN_UNREACHABLE_CODE = YES;
				CLANG_WARN__DUPLICATE_METHOD_MATCH = YES;
				CODE_SIGN_IDENTITY = "iPhone Developer";
				COPY_PHASE_STRIP = NO;
				DEBUG_INFORMATION_FORMAT = dwarf;
				ENABLE_STRICT_OBJC_MSGSEND = YES;
				ENABLE_TESTABILITY = YES;
				GCC_C_LANGUAGE_STANDARD = gnu11;
				GCC_DYNAMIC_NO_PIC = NO;
				GCC_NO_COMMON_BLOCKS = YES;
				GCC_OPTIMIZATION_LEVEL = 0;
				GCC_PREPROCESSOR_DEFINITIONS = (
					"DEBUG=1",
					"$(inherited)",
				);
				GCC_WARN_64_TO_32_BIT_CONVERSION = YES;
				GCC_WARN_ABOUT_RETURN_TYPE = YES_ERROR;
				GCC_WARN_UNDECLARED_SELECTOR = YES;
				GCC_WARN_UNINITIALIZED_AUTOS = YES_AGGRESSIVE;
				GCC_WARN_UNUSED_FUNCTION = YES;
				GCC_WARN_UNUSED_VARIABLE = YES;
				IPHONEOS_DEPLOYMENT_TARGET = 12.2;
				MTL_ENABLE_DEBUG_INFO = INCLUDE_SOURCE;
				MTL_FAST_MATH = YES;
				ONLY_ACTIVE_ARCH = YES;
				SDKROOT = iphoneos;
				SWIFT_ACTIVE_COMPILATION_CONDITIONS = DEBUG;
				SWIFT_OPTIMIZATION_LEVEL = "-Onone";
			};
			name = Debug;
		};
		086D5CFA22A9D8E800443128 /* Release */ = {
			isa = XCBuildConfiguration;
			buildSettings = {
				ALWAYS_SEARCH_USER_PATHS = NO;
				CLANG_ANALYZER_NONNULL = YES;
				CLANG_ANALYZER_NUMBER_OBJECT_CONVERSION = YES_AGGRESSIVE;
				CLANG_CXX_LANGUAGE_STANDARD = "gnu++14";
				CLANG_CXX_LIBRARY = "libc++";
				CLANG_ENABLE_MODULES = YES;
				CLANG_ENABLE_OBJC_ARC = YES;
				CLANG_ENABLE_OBJC_WEAK = YES;
				CLANG_WARN_BLOCK_CAPTURE_AUTORELEASING = YES;
				CLANG_WARN_BOOL_CONVERSION = YES;
				CLANG_WARN_COMMA = YES;
				CLANG_WARN_CONSTANT_CONVERSION = YES;
				CLANG_WARN_DEPRECATED_OBJC_IMPLEMENTATIONS = YES;
				CLANG_WARN_DIRECT_OBJC_ISA_USAGE = YES_ERROR;
				CLANG_WARN_DOCUMENTATION_COMMENTS = YES;
				CLANG_WARN_EMPTY_BODY = YES;
				CLANG_WARN_ENUM_CONVERSION = YES;
				CLANG_WARN_INFINITE_RECURSION = YES;
				CLANG_WARN_INT_CONVERSION = YES;
				CLANG_WARN_NON_LITERAL_NULL_CONVERSION = YES;
				CLANG_WARN_OBJC_IMPLICIT_RETAIN_SELF = YES;
				CLANG_WARN_OBJC_LITERAL_CONVERSION = YES;
				CLANG_WARN_OBJC_ROOT_CLASS = YES_ERROR;
				CLANG_WARN_RANGE_LOOP_ANALYSIS = YES;
				CLANG_WARN_STRICT_PROTOTYPES = YES;
				CLANG_WARN_SUSPICIOUS_MOVE = YES;
				CLANG_WARN_UNGUARDED_AVAILABILITY = YES_AGGRESSIVE;
				CLANG_WARN_UNREACHABLE_CODE = YES;
				CLANG_WARN__DUPLICATE_METHOD_MATCH = YES;
				CODE_SIGN_IDENTITY = "iPhone Developer";
				COPY_PHASE_STRIP = NO;
				DEBUG_INFORMATION_FORMAT = "dwarf-with-dsym";
				ENABLE_NS_ASSERTIONS = NO;
				ENABLE_STRICT_OBJC_MSGSEND = YES;
				GCC_C_LANGUAGE_STANDARD = gnu11;
				GCC_NO_COMMON_BLOCKS = YES;
				GCC_WARN_64_TO_32_BIT_CONVERSION = YES;
				GCC_WARN_ABOUT_RETURN_TYPE = YES_ERROR;
				GCC_WARN_UNDECLARED_SELECTOR = YES;
				GCC_WARN_UNINITIALIZED_AUTOS = YES_AGGRESSIVE;
				GCC_WARN_UNUSED_FUNCTION = YES;
				GCC_WARN_UNUSED_VARIABLE = YES;
				IPHONEOS_DEPLOYMENT_TARGET = 12.2;
				MTL_ENABLE_DEBUG_INFO = NO;
				MTL_FAST_MATH = YES;
				SDKROOT = iphoneos;
				SWIFT_COMPILATION_MODE = wholemodule;
				SWIFT_OPTIMIZATION_LEVEL = "-O";
				VALIDATE_PRODUCT = YES;
			};
			name = Release;
		};
		086D5CFC22A9D8E800443128 /* Debug */ = {
			isa = XCBuildConfiguration;
			buildSettings = {
				ASSETCATALOG_COMPILER_APPICON_NAME = AppIcon;
				CODE_SIGN_STYLE = Automatic;
				DEVELOPMENT_TEAM = KZ34P34W9B;
				INFOPLIST_FILE = NewsApp/Info.plist;
				LD_RUNPATH_SEARCH_PATHS = (
					"$(inherited)",
					"@executable_path/Frameworks",
				);
				PRODUCT_BUNDLE_IDENTIFIER = susanzheng.NewsApp;
				PRODUCT_NAME = "$(TARGET_NAME)";
				SWIFT_VERSION = 5.0;
				TARGETED_DEVICE_FAMILY = "1,2";
			};
			name = Debug;
		};
		086D5CFD22A9D8E800443128 /* Release */ = {
			isa = XCBuildConfiguration;
			buildSettings = {
				ASSETCATALOG_COMPILER_APPICON_NAME = AppIcon;
				CODE_SIGN_STYLE = Automatic;
				DEVELOPMENT_TEAM = KZ34P34W9B;
				INFOPLIST_FILE = NewsApp/Info.plist;
				LD_RUNPATH_SEARCH_PATHS = (
					"$(inherited)",
					"@executable_path/Frameworks",
				);
				PRODUCT_BUNDLE_IDENTIFIER = susanzheng.NewsApp;
				PRODUCT_NAME = "$(TARGET_NAME)";
				SWIFT_VERSION = 5.0;
				TARGETED_DEVICE_FAMILY = "1,2";
			};
			name = Release;
		};
		086D5CFF22A9D8E800443128 /* Debug */ = {
			isa = XCBuildConfiguration;
			buildSettings = {
				ALWAYS_EMBED_SWIFT_STANDARD_LIBRARIES = YES;
				BUNDLE_LOADER = "$(TEST_HOST)";
				CODE_SIGN_STYLE = Automatic;
				DEVELOPMENT_TEAM = KZ34P34W9B;
				INFOPLIST_FILE = NewsAppTests/Info.plist;
				LD_RUNPATH_SEARCH_PATHS = (
					"$(inherited)",
					"@executable_path/Frameworks",
					"@loader_path/Frameworks",
				);
				PRODUCT_BUNDLE_IDENTIFIER = susanzheng.NewsAppTests;
				PRODUCT_NAME = "$(TARGET_NAME)";
				SWIFT_VERSION = 5.0;
				TARGETED_DEVICE_FAMILY = "1,2";
				TEST_HOST = "$(BUILT_PRODUCTS_DIR)/NewsApp.app/NewsApp";
			};
			name = Debug;
		};
		086D5D0022A9D8E800443128 /* Release */ = {
			isa = XCBuildConfiguration;
			buildSettings = {
				ALWAYS_EMBED_SWIFT_STANDARD_LIBRARIES = YES;
				BUNDLE_LOADER = "$(TEST_HOST)";
				CODE_SIGN_STYLE = Automatic;
				DEVELOPMENT_TEAM = KZ34P34W9B;
				INFOPLIST_FILE = NewsAppTests/Info.plist;
				LD_RUNPATH_SEARCH_PATHS = (
					"$(inherited)",
					"@executable_path/Frameworks",
					"@loader_path/Frameworks",
				);
				PRODUCT_BUNDLE_IDENTIFIER = susanzheng.NewsAppTests;
				PRODUCT_NAME = "$(TARGET_NAME)";
				SWIFT_VERSION = 5.0;
				TARGETED_DEVICE_FAMILY = "1,2";
				TEST_HOST = "$(BUILT_PRODUCTS_DIR)/NewsApp.app/NewsApp";
			};
			name = Release;
		};
		086D5D0222A9D8E800443128 /* Debug */ = {
			isa = XCBuildConfiguration;
			buildSettings = {
				ALWAYS_EMBED_SWIFT_STANDARD_LIBRARIES = YES;
				CODE_SIGN_STYLE = Automatic;
				DEVELOPMENT_TEAM = KZ34P34W9B;
				INFOPLIST_FILE = NewsAppUITests/Info.plist;
				LD_RUNPATH_SEARCH_PATHS = (
					"$(inherited)",
					"@executable_path/Frameworks",
					"@loader_path/Frameworks",
				);
				PRODUCT_BUNDLE_IDENTIFIER = susanzheng.NewsAppUITests;
				PRODUCT_NAME = "$(TARGET_NAME)";
				SWIFT_VERSION = 5.0;
				TARGETED_DEVICE_FAMILY = "1,2";
				TEST_TARGET_NAME = NewsApp;
			};
			name = Debug;
		};
		086D5D0322A9D8E800443128 /* Release */ = {
			isa = XCBuildConfiguration;
			buildSettings = {
				ALWAYS_EMBED_SWIFT_STANDARD_LIBRARIES = YES;
				CODE_SIGN_STYLE = Automatic;
				DEVELOPMENT_TEAM = KZ34P34W9B;
				INFOPLIST_FILE = NewsAppUITests/Info.plist;
				LD_RUNPATH_SEARCH_PATHS = (
					"$(inherited)",
					"@executable_path/Frameworks",
					"@loader_path/Frameworks",
				);
				PRODUCT_BUNDLE_IDENTIFIER = susanzheng.NewsAppUITests;
				PRODUCT_NAME = "$(TARGET_NAME)";
				SWIFT_VERSION = 5.0;
				TARGETED_DEVICE_FAMILY = "1,2";
				TEST_TARGET_NAME = NewsApp;
			};
			name = Release;
		};
/* End XCBuildConfiguration section */

/* Begin XCConfigurationList section */
		086D5CCE22A9D8E500443128 /* Build configuration list for PBXProject "NewsApp" */ = {
			isa = XCConfigurationList;
			buildConfigurations = (
				086D5CF922A9D8E800443128 /* Debug */,
				086D5CFA22A9D8E800443128 /* Release */,
			);
			defaultConfigurationIsVisible = 0;
			defaultConfigurationName = Release;
		};
		086D5CFB22A9D8E800443128 /* Build configuration list for PBXNativeTarget "NewsApp" */ = {
			isa = XCConfigurationList;
			buildConfigurations = (
				086D5CFC22A9D8E800443128 /* Debug */,
				086D5CFD22A9D8E800443128 /* Release */,
			);
			defaultConfigurationIsVisible = 0;
			defaultConfigurationName = Release;
		};
		086D5CFE22A9D8E800443128 /* Build configuration list for PBXNativeTarget "NewsAppTests" */ = {
			isa = XCConfigurationList;
			buildConfigurations = (
				086D5CFF22A9D8E800443128 /* Debug */,
				086D5D0022A9D8E800443128 /* Release */,
			);
			defaultConfigurationIsVisible = 0;
			defaultConfigurationName = Release;
		};
		086D5D0122A9D8E800443128 /* Build configuration list for PBXNativeTarget "NewsAppUITests" */ = {
			isa = XCConfigurationList;
			buildConfigurations = (
				086D5D0222A9D8E800443128 /* Debug */,
				086D5D0322A9D8E800443128 /* Release */,
			);
			defaultConfigurationIsVisible = 0;
			defaultConfigurationName = Release;
		};
/* End XCConfigurationList section */
	};
	rootObject = 086D5CCB22A9D8E500443128 /* Project object */;
}
